
Microsoft Visual Studio Solution File, Format Version 12.00
# Visual Studio 15
VisualStudioVersion = 15.0.28307.168
MinimumVisualStudioVersion = 10.0.40219.1
Project("{FAE04EC0-301F-11D3-BF4B-00C04F79EFBC}") = "CalculatorDesign", "CalculatorDesign\CalculatorDesign.csproj", "{E67671A0-E19D-4338-BED5-07D0612C5EE8}"
EndProject
Global
	GlobalSection(SolutionConfigurationPlatforms) = preSolution
		Debug|Any CPU = Debug|Any CPU
		Release|Any CPU = Release|Any CPU
	EndGlobalSection
	GlobalSection(ProjectConfigurationPlatforms) = postSolution
		{E67671A0-E19D-4338-BED5-07D0612C5EE8}.Debug|Any CPU.ActiveCfg = Debug|Any CPU
		{E67671A0-E19D-4338-BED5-07D0612C5EE8}.Debug|Any CPU.Build.0 = Debug|Any CPU
		{E67671A0-E19D-4338-BED5-07D0612C5EE8}.Release|Any CPU.ActiveCfg = Release|Any CPU
		{E67671A0-E19D-4338-BED5-07D0612C5EE8}.Release|Any CPU.Build.0 = Release|Any CPU
	EndGlobalSection
	GlobalSection(SolutionProperties) = preSolution
		HideSolutionNode = FALSE
	EndGlobalSection
	GlobalSection(ExtensibilityGlobals) = postSolution
		SolutionGuid = {75AFCC1C-DE08-4DE6-BE55-0BE4CCA4A9FF}
	EndGlobalSection
EndGlobal
